
Microsoft Visual Studio Solution File, Format Version 12.00
# Visual Studio Version 16
VisualStudioVersion = 16.0.33920.266
MinimumVisualStudioVersion = 10.0.40219.1
Project("{FAE04EC0-301F-11D3-BF4B-00C04F79EFBC}") = "Autobuses", "Autobuses\Autobuses.csproj", "{F09406B5-F9EF-499F-BE95-FEC1ACA7F89B}"
EndProject
Global
	GlobalSection(SolutionConfigurationPlatforms) = preSolution
		Debug|Any CPU = Debug|Any CPU
		Release|Any CPU = Release|Any CPU
	EndGlobalSection
	GlobalSection(ProjectConfigurationPlatforms) = postSolution
		{F09406B5-F9EF-499F-BE95-FEC1ACA7F89B}.Debug|Any CPU.ActiveCfg = Debug|Any CPU
		{F09406B5-F9EF-499F-BE95-FEC1ACA7F89B}.Debug|Any CPU.Build.0 = Debug|Any CPU
		{F09406B5-F9EF-499F-BE95-FEC1ACA7F89B}.Release|Any CPU.ActiveCfg = Release|Any CPU
		{F09406B5-F9EF-499F-BE95-FEC1ACA7F89B}.Release|Any CPU.Build.0 = Release|Any CPU
	EndGlobalSection
	GlobalSection(SolutionProperties) = preSolution
		HideSolutionNode = FALSE
	EndGlobalSection
	GlobalSection(ExtensibilityGlobals) = postSolution
		SolutionGuid = {16D88B28-FB70-43DE-9F52-614D156316F0}
	EndGlobalSection
EndGlobal
